
Microsoft Visual Studio Solution File, Format Version 12.00
# Visual Studio Version 17
VisualStudioVersion = 17.0.31903.59
MinimumVisualStudioVersion = 10.0.40219.1
Project("{FAE04EC0-301F-11D3-BF4B-00C04F79EFBC}") = "TCPgRPCReverseProxy", "TCPgRPCReverseProxy\TCPgRPCReverseProxy.csproj", "{9BEBD3B8-623E-4C05-8700-DE5BB33110E4}"
EndProject
Global
	GlobalSection(SolutionConfigurationPlatforms) = preSolution
		Debug|Any CPU = Debug|Any CPU
		Release|Any CPU = Release|Any CPU
	EndGlobalSection
	GlobalSection(ProjectConfigurationPlatforms) = postSolution
		{9BEBD3B8-623E-4C05-8700-DE5BB33110E4}.Debug|Any CPU.ActiveCfg = Debug|Any CPU
		{9BEBD3B8-623E-4C05-8700-DE5BB33110E4}.Debug|Any CPU.Build.0 = Debug|Any CPU
		{9BEBD3B8-623E-4C05-8700-DE5BB33110E4}.Release|Any CPU.ActiveCfg = Release|Any CPU
		{9BEBD3B8-623E-4C05-8700-DE5BB33110E4}.Release|Any CPU.Build.0 = Release|Any CPU
	EndGlobalSection
	GlobalSection(SolutionProperties) = preSolution
		HideSolutionNode = FALSE
	EndGlobalSection
	GlobalSection(ExtensibilityGlobals) = postSolution
		SolutionGuid = {D5112A11-9738-423D-A938-7704BF65C5F1}
	EndGlobalSection
EndGlobal
